{
  "name": "social-frontend",
  "version": "0.0.0",
  "lockfileVersion": 1,
  "requires": true,
  "dependencies": {
    "@social/social-deployment": {
      "version": "git+https://git@github.com/citkane/social-deployment.git#9c43e02eb8134893dff857980bbb2a2af08b9234",
      "from": "git+https://git@github.com/citkane/social-deployment.git",
      "requires": {
        "zmq": "^2.15.3"
      }
    },
    "bindings": {
      "version": "1.2.1",
      "resolved": "https://registry.npmjs.org/bindings/-/bindings-1.2.1.tgz",
      "integrity": "sha1-FK1hE4EtLTfXLme0ystLtyZQXxE="
    },
    "nan": {
      "version": "2.3.5",
      "resolved": "https://registry.npmjs.org/nan/-/nan-2.3.5.tgz",
      "integrity": "sha1-gioNwmYpDOTNOhIoLKPn42Rmigg="
    },
    "zmq": {
      "version": "2.15.3",
      "resolved": "https://registry.npmjs.org/zmq/-/zmq-2.15.3.tgz",
      "integrity": "sha1-Zsbegsw2sJc0uCBwN3ZJCm+75iQ=",
      "requires": {
        "bindings": "~1.2.1",
        "nan": "~2.3.0"
      }
    }
  }
}
