{
  "name": "social-frontend",
  "version": "0.0.0",
  "lockfileVersion": 1,
  "requires": true,
  "dependencies": {
    "@social/social-deployment": {
      "version": "git+https://git@github.com/citkane/social-deployment.git#f08fb5c9ace313dbef13c4a3d8d2b71ceda02dc6",
      "from": "git+https://git@github.com/citkane/social-deployment.git"
    }
  }
}
