{
  "name": "social-frontend",
  "version": "0.0.0",
  "lockfileVersion": 1,
  "requires": true,
  "dependencies": {
    "@social/social-deployment": {
      "version": "git+https://git@github.com/citkane/social-deployment.git#34f41d8d37643c0553241ac9c2b01ff87d4564b1",
      "from": "git+https://git@github.com/citkane/social-deployment.git"
    }
  }
}
